
Microsoft Visual Studio Solution File, Format Version 12.00
Project("{2150E333-8FDC-42A3-9474-1A3956D46DE8}") = "Contacts.Infrastructure", "Contacts.Infrastructure", "{1453E49F-E5AE-49D7-B897-E4D6117E6EE6}"
EndProject
Project("{FAE04EC0-301F-11D3-BF4B-00C04F79EFBC}") = "Contacts.Domain", "Contacts.Domain\Contacts.Domain.csproj", "{DCEFD81A-C5C7-4C77-8336-3309A0B0E078}"
EndProject
Project("{FAE04EC0-301F-11D3-BF4B-00C04F79EFBC}") = "Contacts.Interfaces", "Contacts.Interfaces\Contacts.Interfaces.csproj", "{60AF8501-CEC6-4CB4-B1AF-715EF997DF1C}"
EndProject
Project("{FAE04EC0-301F-11D3-BF4B-00C04F79EFBC}") = "Contacts.Repositories", "Contacts.Repositories\Contacts.Repositories.csproj", "{D4AF5177-8A50-40A9-81EB-1D12232FE867}"
EndProject
Project("{2150E333-8FDC-42A3-9474-1A3956D46DE8}") = "Contacts.Core", "Contacts.Core", "{BD39CE2B-7E21-43B1-838C-8435ACC8C234}"
EndProject
Project("{FAE04EC0-301F-11D3-BF4B-00C04F79EFBC}") = "Contacts.Models", "Contacts.Models\Contacts.Models.csproj", "{AF6F5BF3-6CFE-4149-8CEC-BBAF6C2589E5}"
EndProject
Project("{FAE04EC0-301F-11D3-BF4B-00C04F79EFBC}") = "Contacts.Mapper", "Contacts.Mapper\Contacts.Mapper.csproj", "{54992BD0-CDB2-4B5E-ABE9-450318C6AF1C}"
EndProject
Project("{2150E333-8FDC-42A3-9474-1A3956D46DE8}") = "Contacts.Business", "Contacts.Business", "{E9BF0F5D-CECA-4175-B225-F48F8ABE6114}"
EndProject
Project("{FAE04EC0-301F-11D3-BF4B-00C04F79EFBC}") = "Contacts.Kernel", "Contacts.Kernel\Contacts.Kernel.csproj", "{F63D89B1-DE85-4DC7-BC49-5F641B959E7F}"
EndProject
Project("{FAE04EC0-301F-11D3-BF4B-00C04F79EFBC}") = "Contacts.Constants", "Contacts.Constants\Contacts.Constants.csproj", "{66444B00-4A76-4080-89F2-79414C0852A9}"
EndProject
Project("{FAE04EC0-301F-11D3-BF4B-00C04F79EFBC}") = "Contacts.Mediatr", "Contacts.Mediatr\Contacts.Mediatr.csproj", "{2B84E594-25CD-4DF7-B521-46BC401168CE}"
EndProject
Project("{FAE04EC0-301F-11D3-BF4B-00C04F79EFBC}") = "Contacts.GraphQL", "Contacts.GraphQL\Contacts.GraphQL.csproj", "{BE294B87-1B33-454F-8A81-A82DC867C062}"
EndProject
Project("{FAE04EC0-301F-11D3-BF4B-00C04F79EFBC}") = "Contacts.ClientApi", "Contacts.ClientApi\Contacts.ClientApi.csproj", "{D1392F28-C6F6-4461-8C14-F00D0D273B60}"
EndProject
Project("{2150E333-8FDC-42A3-9474-1A3956D46DE8}") = "Contacts.Tests", "Contacts.Tests", "{41388676-95F7-40F8-AB83-5944D7781D53}"
EndProject
Project("{FAE04EC0-301F-11D3-BF4B-00C04F79EFBC}") = "Contacts.UnitTests", "Contacts.UnitTests\Contacts.UnitTests.csproj", "{C20D5B0B-6CF2-43D6-A87D-E73630E74B39}"
EndProject
Global
	GlobalSection(SolutionConfigurationPlatforms) = preSolution
		Debug|Any CPU = Debug|Any CPU
		Release|Any CPU = Release|Any CPU
	EndGlobalSection
	GlobalSection(NestedProjects) = preSolution
		{DCEFD81A-C5C7-4C77-8336-3309A0B0E078} = {1453E49F-E5AE-49D7-B897-E4D6117E6EE6}
		{60AF8501-CEC6-4CB4-B1AF-715EF997DF1C} = {1453E49F-E5AE-49D7-B897-E4D6117E6EE6}
		{D4AF5177-8A50-40A9-81EB-1D12232FE867} = {1453E49F-E5AE-49D7-B897-E4D6117E6EE6}
		{AF6F5BF3-6CFE-4149-8CEC-BBAF6C2589E5} = {BD39CE2B-7E21-43B1-838C-8435ACC8C234}
		{54992BD0-CDB2-4B5E-ABE9-450318C6AF1C} = {1453E49F-E5AE-49D7-B897-E4D6117E6EE6}
		{F63D89B1-DE85-4DC7-BC49-5F641B959E7F} = {E9BF0F5D-CECA-4175-B225-F48F8ABE6114}
		{66444B00-4A76-4080-89F2-79414C0852A9} = {BD39CE2B-7E21-43B1-838C-8435ACC8C234}
		{2B84E594-25CD-4DF7-B521-46BC401168CE} = {E9BF0F5D-CECA-4175-B225-F48F8ABE6114}
		{BE294B87-1B33-454F-8A81-A82DC867C062} = {1453E49F-E5AE-49D7-B897-E4D6117E6EE6}
		{C20D5B0B-6CF2-43D6-A87D-E73630E74B39} = {41388676-95F7-40F8-AB83-5944D7781D53}
	EndGlobalSection
	GlobalSection(ProjectConfigurationPlatforms) = postSolution
		{DCEFD81A-C5C7-4C77-8336-3309A0B0E078}.Debug|Any CPU.ActiveCfg = Debug|Any CPU
		{DCEFD81A-C5C7-4C77-8336-3309A0B0E078}.Debug|Any CPU.Build.0 = Debug|Any CPU
		{DCEFD81A-C5C7-4C77-8336-3309A0B0E078}.Release|Any CPU.ActiveCfg = Release|Any CPU
		{DCEFD81A-C5C7-4C77-8336-3309A0B0E078}.Release|Any CPU.Build.0 = Release|Any CPU
		{60AF8501-CEC6-4CB4-B1AF-715EF997DF1C}.Debug|Any CPU.ActiveCfg = Debug|Any CPU
		{60AF8501-CEC6-4CB4-B1AF-715EF997DF1C}.Debug|Any CPU.Build.0 = Debug|Any CPU
		{60AF8501-CEC6-4CB4-B1AF-715EF997DF1C}.Release|Any CPU.ActiveCfg = Release|Any CPU
		{60AF8501-CEC6-4CB4-B1AF-715EF997DF1C}.Release|Any CPU.Build.0 = Release|Any CPU
		{D4AF5177-8A50-40A9-81EB-1D12232FE867}.Debug|Any CPU.ActiveCfg = Debug|Any CPU
		{D4AF5177-8A50-40A9-81EB-1D12232FE867}.Debug|Any CPU.Build.0 = Debug|Any CPU
		{D4AF5177-8A50-40A9-81EB-1D12232FE867}.Release|Any CPU.ActiveCfg = Release|Any CPU
		{D4AF5177-8A50-40A9-81EB-1D12232FE867}.Release|Any CPU.Build.0 = Release|Any CPU
		{AF6F5BF3-6CFE-4149-8CEC-BBAF6C2589E5}.Debug|Any CPU.ActiveCfg = Debug|Any CPU
		{AF6F5BF3-6CFE-4149-8CEC-BBAF6C2589E5}.Debug|Any CPU.Build.0 = Debug|Any CPU
		{AF6F5BF3-6CFE-4149-8CEC-BBAF6C2589E5}.Release|Any CPU.ActiveCfg = Release|Any CPU
		{AF6F5BF3-6CFE-4149-8CEC-BBAF6C2589E5}.Release|Any CPU.Build.0 = Release|Any CPU
		{54992BD0-CDB2-4B5E-ABE9-450318C6AF1C}.Debug|Any CPU.ActiveCfg = Debug|Any CPU
		{54992BD0-CDB2-4B5E-ABE9-450318C6AF1C}.Debug|Any CPU.Build.0 = Debug|Any CPU
		{54992BD0-CDB2-4B5E-ABE9-450318C6AF1C}.Release|Any CPU.ActiveCfg = Release|Any CPU
		{54992BD0-CDB2-4B5E-ABE9-450318C6AF1C}.Release|Any CPU.Build.0 = Release|Any CPU
		{F63D89B1-DE85-4DC7-BC49-5F641B959E7F}.Debug|Any CPU.ActiveCfg = Debug|Any CPU
		{F63D89B1-DE85-4DC7-BC49-5F641B959E7F}.Debug|Any CPU.Build.0 = Debug|Any CPU
		{F63D89B1-DE85-4DC7-BC49-5F641B959E7F}.Release|Any CPU.ActiveCfg = Release|Any CPU
		{F63D89B1-DE85-4DC7-BC49-5F641B959E7F}.Release|Any CPU.Build.0 = Release|Any CPU
		{66444B00-4A76-4080-89F2-79414C0852A9}.Debug|Any CPU.ActiveCfg = Debug|Any CPU
		{66444B00-4A76-4080-89F2-79414C0852A9}.Debug|Any CPU.Build.0 = Debug|Any CPU
		{66444B00-4A76-4080-89F2-79414C0852A9}.Release|Any CPU.ActiveCfg = Release|Any CPU
		{66444B00-4A76-4080-89F2-79414C0852A9}.Release|Any CPU.Build.0 = Release|Any CPU
		{2B84E594-25CD-4DF7-B521-46BC401168CE}.Debug|Any CPU.ActiveCfg = Debug|Any CPU
		{2B84E594-25CD-4DF7-B521-46BC401168CE}.Debug|Any CPU.Build.0 = Debug|Any CPU
		{2B84E594-25CD-4DF7-B521-46BC401168CE}.Release|Any CPU.ActiveCfg = Release|Any CPU
		{2B84E594-25CD-4DF7-B521-46BC401168CE}.Release|Any CPU.Build.0 = Release|Any CPU
		{BE294B87-1B33-454F-8A81-A82DC867C062}.Debug|Any CPU.ActiveCfg = Debug|Any CPU
		{BE294B87-1B33-454F-8A81-A82DC867C062}.Debug|Any CPU.Build.0 = Debug|Any CPU
		{BE294B87-1B33-454F-8A81-A82DC867C062}.Release|Any CPU.ActiveCfg = Release|Any CPU
		{BE294B87-1B33-454F-8A81-A82DC867C062}.Release|Any CPU.Build.0 = Release|Any CPU
		{D1392F28-C6F6-4461-8C14-F00D0D273B60}.Debug|Any CPU.ActiveCfg = Debug|Any CPU
		{D1392F28-C6F6-4461-8C14-F00D0D273B60}.Debug|Any CPU.Build.0 = Debug|Any CPU
		{D1392F28-C6F6-4461-8C14-F00D0D273B60}.Release|Any CPU.ActiveCfg = Release|Any CPU
		{D1392F28-C6F6-4461-8C14-F00D0D273B60}.Release|Any CPU.Build.0 = Release|Any CPU
		{C20D5B0B-6CF2-43D6-A87D-E73630E74B39}.Debug|Any CPU.ActiveCfg = Debug|Any CPU
		{C20D5B0B-6CF2-43D6-A87D-E73630E74B39}.Debug|Any CPU.Build.0 = Debug|Any CPU
		{C20D5B0B-6CF2-43D6-A87D-E73630E74B39}.Release|Any CPU.ActiveCfg = Release|Any CPU
		{C20D5B0B-6CF2-43D6-A87D-E73630E74B39}.Release|Any CPU.Build.0 = Release|Any CPU
	EndGlobalSection
EndGlobal
